
Microsoft Visual Studio Solution File, Format Version 12.00
# Visual Studio Version 17
VisualStudioVersion = 17.11.35222.181
MinimumVisualStudioVersion = 10.0.40219.1
Project("{9A19103F-16F7-4668-BE54-9A1E7A4F7556}") = "SignalRSample", "SignalRSample\SignalRSample.csproj", "{1271F59E-03B5-484D-8DB3-F8466C03A6AB}"
EndProject
Project("{FAE04EC0-301F-11D3-BF4B-00C04F79EFBC}") = "SignalRSample.AppHost", "SignalRSample.AppHost\SignalRSample.AppHost.csproj", "{E96E1068-0A90-4D88-BD7F-188D9D084312}"
EndProject
Project("{9A19103F-16F7-4668-BE54-9A1E7A4F7556}") = "SignalRSample.ServiceDefaults", "SignalRSample.ServiceDefaults\SignalRSample.ServiceDefaults.csproj", "{947F0D1E-51D8-40B4-9BB4-0F7C9759DE0F}"
EndProject
Global
	GlobalSection(SolutionConfigurationPlatforms) = preSolution
		Debug|Any CPU = Debug|Any CPU
		Release|Any CPU = Release|Any CPU
	EndGlobalSection
	GlobalSection(ProjectConfigurationPlatforms) = postSolution
		{1271F59E-03B5-484D-8DB3-F8466C03A6AB}.Debug|Any CPU.ActiveCfg = Debug|Any CPU
		{1271F59E-03B5-484D-8DB3-F8466C03A6AB}.Debug|Any CPU.Build.0 = Debug|Any CPU
		{1271F59E-03B5-484D-8DB3-F8466C03A6AB}.Release|Any CPU.ActiveCfg = Release|Any CPU
		{1271F59E-03B5-484D-8DB3-F8466C03A6AB}.Release|Any CPU.Build.0 = Release|Any CPU
		{E96E1068-0A90-4D88-BD7F-188D9D084312}.Debug|Any CPU.ActiveCfg = Debug|Any CPU
		{E96E1068-0A90-4D88-BD7F-188D9D084312}.Debug|Any CPU.Build.0 = Debug|Any CPU
		{E96E1068-0A90-4D88-BD7F-188D9D084312}.Release|Any CPU.ActiveCfg = Release|Any CPU
		{E96E1068-0A90-4D88-BD7F-188D9D084312}.Release|Any CPU.Build.0 = Release|Any CPU
		{947F0D1E-51D8-40B4-9BB4-0F7C9759DE0F}.Debug|Any CPU.ActiveCfg = Debug|Any CPU
		{947F0D1E-51D8-40B4-9BB4-0F7C9759DE0F}.Debug|Any CPU.Build.0 = Debug|Any CPU
		{947F0D1E-51D8-40B4-9BB4-0F7C9759DE0F}.Release|Any CPU.ActiveCfg = Release|Any CPU
		{947F0D1E-51D8-40B4-9BB4-0F7C9759DE0F}.Release|Any CPU.Build.0 = Release|Any CPU
	EndGlobalSection
	GlobalSection(SolutionProperties) = preSolution
		HideSolutionNode = FALSE
	EndGlobalSection
	GlobalSection(ExtensibilityGlobals) = postSolution
		SolutionGuid = {B5D5ED8A-ECD1-48E6-AD54-E1AA431C0DE2}
	EndGlobalSection
EndGlobal
